
Microsoft Visual Studio Solution File, Format Version 12.00
# Visual Studio Version 16
VisualStudioVersion = 16.0.29418.71
MinimumVisualStudioVersion = 10.0.40219.1
Project("{FAE04EC0-301F-11D3-BF4B-00C04F79EFBC}") = "FactoryModel", "FactoryModel\FactoryModel.csproj", "{2DC38D47-D370-4055-92F4-500CD29486F7}"
EndProject
Global
	GlobalSection(SolutionConfigurationPlatforms) = preSolution
		Debug|Any CPU = Debug|Any CPU
		Release|Any CPU = Release|Any CPU
	EndGlobalSection
	GlobalSection(ProjectConfigurationPlatforms) = postSolution
		{2DC38D47-D370-4055-92F4-500CD29486F7}.Debug|Any CPU.ActiveCfg = Debug|Any CPU
		{2DC38D47-D370-4055-92F4-500CD29486F7}.Debug|Any CPU.Build.0 = Debug|Any CPU
		{2DC38D47-D370-4055-92F4-500CD29486F7}.Release|Any CPU.ActiveCfg = Release|Any CPU
		{2DC38D47-D370-4055-92F4-500CD29486F7}.Release|Any CPU.Build.0 = Release|Any CPU
	EndGlobalSection
	GlobalSection(SolutionProperties) = preSolution
		HideSolutionNode = FALSE
	EndGlobalSection
	GlobalSection(ExtensibilityGlobals) = postSolution
		SolutionGuid = {EBC66B19-D53A-4F1A-A8A8-9A74FF5891C5}
	EndGlobalSection
EndGlobal
